// !$*UTF8*$!
{
	archiveVersion = 1;
	classes = {
	};
	objectVersion = 50;
	objects = {

/* Begin PBXBuildFile section */
		CAC7D69C70B2AE7295B51D96 /* Pods_Instagram.framework in Frameworks */ = {isa = PBXBuildFile; fileRef = 65F32E58D3B4440215694B51 /* Pods_Instagram.framework */; };
		CB299EBC25662D24009CC3C2 /* AppDelegate.swift in Sources */ = {isa = PBXBuildFile; fileRef = CB299EBB25662D24009CC3C2 /* AppDelegate.swift */; };
		CB299EBE25662D24009CC3C2 /* SceneDelegate.swift in Sources */ = {isa = PBXBuildFile; fileRef = CB299EBD25662D24009CC3C2 /* SceneDelegate.swift */; };
		CB299EC325662D24009CC3C2 /* Main.storyboard in Resources */ = {isa = PBXBuildFile; fileRef = CB299EC125662D24009CC3C2 /* Main.storyboard */; };
		CB299EC525662D24009CC3C2 /* Assets.xcassets in Resources */ = {isa = PBXBuildFile; fileRef = CB299EC425662D24009CC3C2 /* Assets.xcassets */; };
		CB299EC825662D24009CC3C2 /* LaunchScreen.storyboard in Resources */ = {isa = PBXBuildFile; fileRef = CB299EC625662D24009CC3C2 /* LaunchScreen.storyboard */; };
		CB299ED025662D47009CC3C2 /* LoginViewController.swift in Sources */ = {isa = PBXBuildFile; fileRef = CB299ECF25662D47009CC3C2 /* LoginViewController.swift */; };
		CB299ED225662D4E009CC3C2 /* HomeViewController.swift in Sources */ = {isa = PBXBuildFile; fileRef = CB299ED125662D4E009CC3C2 /* HomeViewController.swift */; };
		CB299ED425662D58009CC3C2 /* ImageSelectViewController.swift in Sources */ = {isa = PBXBuildFile; fileRef = CB299ED325662D58009CC3C2 /* ImageSelectViewController.swift */; };
		CB299ED625662D60009CC3C2 /* PostViewController.swift in Sources */ = {isa = PBXBuildFile; fileRef = CB299ED525662D60009CC3C2 /* PostViewController.swift */; };
		CB299ED825662D6B009CC3C2 /* settingViewController.swift in Sources */ = {isa = PBXBuildFile; fileRef = CB299ED725662D6B009CC3C2 /* settingViewController.swift */; };
		CB73BCEB256644FB00CA960B /* TabBarController.swift in Sources */ = {isa = PBXBuildFile; fileRef = CB73BCEA256644FB00CA960B /* TabBarController.swift */; };
/* End PBXBuildFile section */

/* Begin PBXFileReference section */
		65F32E58D3B4440215694B51 /* Pods_Instagram.framework */ = {isa = PBXFileReference; explicitFileType = wrapper.framework; includeInIndex = 0; path = Pods_Instagram.framework; sourceTree = BUILT_PRODUCTS_DIR; };
		6F1A7446940C8F129A23E172 /* Pods-Instagram.debug.xcconfig */ = {isa = PBXFileReference; includeInIndex = 1; lastKnownFileType = text.xcconfig; name = "Pods-Instagram.debug.xcconfig"; path = "Target Support Files/Pods-Instagram/Pods-Instagram.debug.xcconfig"; sourceTree = "<group>"; };
		CB299EB825662D24009CC3C2 /* Instagram.app */ = {isa = PBXFileReference; explicitFileType = wrapper.application; includeInIndex = 0; path = Instagram.app; sourceTree = BUILT_PRODUCTS_DIR; };
		CB299EBB25662D24009CC3C2 /* AppDelegate.swift */ = {isa = PBXFileReference; lastKnownFileType = sourcecode.swift; path = AppDelegate.swift; sourceTree = "<group>"; };
		CB299EBD25662D24009CC3C2 /* SceneDelegate.swift */ = {isa = PBXFileReference; lastKnownFileType = sourcecode.swift; path = SceneDelegate.swift; sourceTree = "<group>"; };
		CB299EC225662D24009CC3C2 /* Base */ = {isa = PBXFileReference; lastKnownFileType = file.storyboard; name = Base; path = Base.lproj/Main.storyboard; sourceTree = "<group>"; };
		CB299EC425662D24009CC3C2 /* Assets.xcassets */ = {isa = PBXFileReference; lastKnownFileType = folder.assetcatalog; path = Assets.xcassets; sourceTree = "<group>"; };
		CB299EC725662D24009CC3C2 /* Base */ = {isa = PBXFileReference; lastKnownFileType = file.storyboard; name = Base; path = Base.lproj/LaunchScreen.storyboard; sourceTree = "<group>"; };
		CB299EC925662D24009CC3C2 /* Info.plist */ = {isa = PBXFileReference; lastKnownFileType = text.plist.xml; path = Info.plist; sourceTree = "<group>"; };
		CB299ECF25662D47009CC3C2 /* LoginViewController.swift */ = {isa = PBXFileReference; lastKnownFileType = sourcecode.swift; path = LoginViewController.swift; sourceTree = "<group>"; };
		CB299ED125662D4E009CC3C2 /* HomeViewController.swift */ = {isa = PBXFileReference; lastKnownFileType = sourcecode.swift; path = HomeViewController.swift; sourceTree = "<group>"; };
		CB299ED325662D58009CC3C2 /* ImageSelectViewController.swift */ = {isa = PBXFileReference; lastKnownFileType = sourcecode.swift; path = ImageSelectViewController.swift; sourceTree = "<group>"; };
		CB299ED525662D60009CC3C2 /* PostViewController.swift */ = {isa = PBXFileReference; lastKnownFileType = sourcecode.swift; path = PostViewController.swift; sourceTree = "<group>"; };
		CB299ED725662D6B009CC3C2 /* settingViewController.swift */ = {isa = PBXFileReference; lastKnownFileType = sourcecode.swift; path = settingViewController.swift; sourceTree = "<group>"; };
		CB73BCEA256644FB00CA960B /* TabBarController.swift */ = {isa = PBXFileReference; lastKnownFileType = sourcecode.swift; path = TabBarController.swift; sourceTree = "<group>"; };
		EA37C800C66EC310466859B3 /* Pods-Instagram.release.xcconfig */ = {isa = PBXFileReference; includeInIndex = 1; lastKnownFileType = text.xcconfig; name = "Pods-Instagram.release.xcconfig"; path = "Target Support Files/Pods-Instagram/Pods-Instagram.release.xcconfig"; sourceTree = "<group>"; };
/* End PBXFileReference section */

/* Begin PBXFrameworksBuildPhase section */
		CB299EB525662D24009CC3C2 /* Frameworks */ = {
			isa = PBXFrameworksBuildPhase;
			buildActionMask = 2147483647;
			files = (
				CAC7D69C70B2AE7295B51D96 /* Pods_Instagram.framework in Frameworks */,
			);
			runOnlyForDeploymentPostprocessing = 0;
		};
/* End PBXFrameworksBuildPhase section */

/* Begin PBXGroup section */
		899C2428EE481242A4B0C2E5 /* Frameworks */ = {
			isa = PBXGroup;
			children = (
				65F32E58D3B4440215694B51 /* Pods_Instagram.framework */,
			);
			name = Frameworks;
			sourceTree = "<group>";
		};
		CB299EAF25662D23009CC3C2 = {
			isa = PBXGroup;
			children = (
				CB299EBA25662D24009CC3C2 /* Instagram */,
				CB299EB925662D24009CC3C2 /* Products */,
				E39CFED08FC765F025570F10 /* Pods */,
				899C2428EE481242A4B0C2E5 /* Frameworks */,
			);
			sourceTree = "<group>";
		};
		CB299EB925662D24009CC3C2 /* Products */ = {
			isa = PBXGroup;
			children = (
				CB299EB825662D24009CC3C2 /* Instagram.app */,
			);
			name = Products;
			sourceTree = "<group>";
		};
		CB299EBA25662D24009CC3C2 /* Instagram */ = {
			isa = PBXGroup;
			children = (
				CB299EBB25662D24009CC3C2 /* AppDelegate.swift */,
				CB299EBD25662D24009CC3C2 /* SceneDelegate.swift */,
				CB299ECF25662D47009CC3C2 /* LoginViewController.swift */,
				CB299ED125662D4E009CC3C2 /* HomeViewController.swift */,
				CB299ED325662D58009CC3C2 /* ImageSelectViewController.swift */,
				CB299ED525662D60009CC3C2 /* PostViewController.swift */,
				CB299ED725662D6B009CC3C2 /* settingViewController.swift */,
				CB73BCEA256644FB00CA960B /* TabBarController.swift */,
				CB299EC125662D24009CC3C2 /* Main.storyboard */,
				CB299EC425662D24009CC3C2 /* Assets.xcassets */,
				CB299EC625662D24009CC3C2 /* LaunchScreen.storyboard */,
				CB299EC925662D24009CC3C2 /* Info.plist */,
			);
			path = Instagram;
			sourceTree = "<group>";
		};
		E39CFED08FC765F025570F10 /* Pods */ = {
			isa = PBXGroup;
			children = (
				6F1A7446940C8F129A23E172 /* Pods-Instagram.debug.xcconfig */,
				EA37C800C66EC310466859B3 /* Pods-Instagram.release.xcconfig */,
			);
			path = Pods;
			sourceTree = "<group>";
		};
/* End PBXGroup section */

/* Begin PBXNativeTarget section */
		CB299EB725662D24009CC3C2 /* Instagram */ = {
			isa = PBXNativeTarget;
			buildConfigurationList = CB299ECC25662D24009CC3C2 /* Build configuration list for PBXNativeTarget "Instagram" */;
			buildPhases = (
				657F846BA26DD9221A1E320F /* [CP] Check Pods Manifest.lock */,
				CB299EB425662D24009CC3C2 /* Sources */,
				CB299EB525662D24009CC3C2 /* Frameworks */,
				CB299EB625662D24009CC3C2 /* Resources */,
			);
			buildRules = (
			);
			dependencies = (
			);
			name = Instagram;
			productName = Instagram;
			productReference = CB299EB825662D24009CC3C2 /* Instagram.app */;
			productType = "com.apple.product-type.application";
		};
/* End PBXNativeTarget section */

/* Begin PBXProject section */
		CB299EB025662D23009CC3C2 /* Project object */ = {
			isa = PBXProject;
			attributes = {
				LastSwiftUpdateCheck = 1150;
				LastUpgradeCheck = 1150;
				ORGANIZATIONNAME = Yusuke.Murayama;
				TargetAttributes = {
					CB299EB725662D24009CC3C2 = {
						CreatedOnToolsVersion = 11.5;
					};
				};
			};
			buildConfigurationList = CB299EB325662D23009CC3C2 /* Build configuration list for PBXProject "Instagram" */;
			compatibilityVersion = "Xcode 9.3";
			developmentRegion = en;
			hasScannedForEncodings = 0;
			knownRegions = (
				en,
				Base,
			);
			mainGroup = CB299EAF25662D23009CC3C2;
			productRefGroup = CB299EB925662D24009CC3C2 /* Products */;
			projectDirPath = "";
			projectRoot = "";
			targets = (
				CB299EB725662D24009CC3C2 /* Instagram */,
			);
		};
/* End PBXProject section */

/* Begin PBXResourcesBuildPhase section */
		CB299EB625662D24009CC3C2 /* Resources */ = {
			isa = PBXResourcesBuildPhase;
			buildActionMask = 2147483647;
			files = (
				CB299EC825662D24009CC3C2 /* LaunchScreen.storyboard in Resources */,
				CB299EC525662D24009CC3C2 /* Assets.xcassets in Resources */,
				CB299EC325662D24009CC3C2 /* Main.storyboard in Resources */,
			);
			runOnlyForDeploymentPostprocessing = 0;
		};
/* End PBXResourcesBuildPhase section */

/* Begin PBXShellScriptBuildPhase section */
		657F846BA26DD9221A1E320F /* [CP] Check Pods Manifest.lock */ = {
			isa = PBXShellScriptBuildPhase;
			buildActionMask = 2147483647;
			files = (
			);
			inputFileListPaths = (
			);
			inputPaths = (
				"${PODS_PODFILE_DIR_PATH}/Podfile.lock",
				"${PODS_ROOT}/Manifest.lock",
			);
			name = "[CP] Check Pods Manifest.lock";
			outputFileListPaths = (
			);
			outputPaths = (
				"$(DERIVED_FILE_DIR)/Pods-Instagram-checkManifestLockResult.txt",
			);
			runOnlyForDeploymentPostprocessing = 0;
			shellPath = /bin/sh;
			shellScript = "diff \"${PODS_PODFILE_DIR_PATH}/Podfile.lock\" \"${PODS_ROOT}/Manifest.lock\" > /dev/null\nif [ $? != 0 ] ; then\n    # print error to STDERR\n    echo \"error: The sandbox is not in sync with the Podfile.lock. Run 'pod install' or update your CocoaPods installation.\" >&2\n    exit 1\nfi\n# This output is used by Xcode 'outputs' to avoid re-running this script phase.\necho \"SUCCESS\" > \"${SCRIPT_OUTPUT_FILE_0}\"\n";
			showEnvVarsInLog = 0;
		};
/* End PBXShellScriptBuildPhase section */

/* Begin PBXSourcesBuildPhase section */
		CB299EB425662D24009CC3C2 /* Sources */ = {
			isa = PBXSourcesBuildPhase;
			buildActionMask = 2147483647;
			files = (
				CB299ED425662D58009CC3C2 /* ImageSelectViewController.swift in Sources */,
				CB73BCEB256644FB00CA960B /* TabBarController.swift in Sources */,
				CB299ED225662D4E009CC3C2 /* HomeViewController.swift in Sources */,
				CB299ED625662D60009CC3C2 /* PostViewController.swift in Sources */,
				CB299ED825662D6B009CC3C2 /* settingViewController.swift in Sources */,
				CB299ED025662D47009CC3C2 /* LoginViewController.swift in Sources */,
				CB299EBC25662D24009CC3C2 /* AppDelegate.swift in Sources */,
				CB299EBE25662D24009CC3C2 /* SceneDelegate.swift in Sources */,
			);
			runOnlyForDeploymentPostprocessing = 0;
		};
/* End PBXSourcesBuildPhase section */

/* Begin PBXVariantGroup section */
		CB299EC125662D24009CC3C2 /* Main.storyboard */ = {
			isa = PBXVariantGroup;
			children = (
				CB299EC225662D24009CC3C2 /* Base */,
			);
			name = Main.storyboard;
			sourceTree = "<group>";
		};
		CB299EC625662D24009CC3C2 /* LaunchScreen.storyboard */ = {
			isa = PBXVariantGroup;
			children = (
				CB299EC725662D24009CC3C2 /* Base */,
			);
			name = LaunchScreen.storyboard;
			sourceTree = "<group>";
		};
/* End PBXVariantGroup section */

/* Begin XCBuildConfiguration section */
		CB299ECA25662D24009CC3C2 /* Debug */ = {
			isa = XCBuildConfiguration;
			buildSettings = {
				ALWAYS_SEARCH_USER_PATHS = NO;
				CLANG_ANALYZER_NONNULL = YES;
				CLANG_ANALYZER_NUMBER_OBJECT_CONVERSION = YES_AGGRESSIVE;
				CLANG_CXX_LANGUAGE_STANDARD = "gnu++14";
				CLANG_CXX_LIBRARY = "libc++";
				CLANG_ENABLE_MODULES = YES;
				CLANG_ENABLE_OBJC_ARC = YES;
				CLANG_ENABLE_OBJC_WEAK = YES;
				CLANG_WARN_BLOCK_CAPTURE_AUTORELEASING = YES;
				CLANG_WARN_BOOL_CONVERSION = YES;
				CLANG_WARN_COMMA = YES;
				CLANG_WARN_CONSTANT_CONVERSION = YES;
				CLANG_WARN_DEPRECATED_OBJC_IMPLEMENTATIONS = YES;
				CLANG_WARN_DIRECT_OBJC_ISA_USAGE = YES_ERROR;
				CLANG_WARN_DOCUMENTATION_COMMENTS = YES;
				CLANG_WARN_EMPTY_BODY = YES;
				CLANG_WARN_ENUM_CONVERSION = YES;
				CLANG_WARN_INFINITE_RECURSION = YES;
				CLANG_WARN_INT_CONVERSION = YES;
				CLANG_WARN_NON_LITERAL_NULL_CONVERSION = YES;
				CLANG_WARN_OBJC_IMPLICIT_RETAIN_SELF = YES;
				CLANG_WARN_OBJC_LITERAL_CONVERSION = YES;
				CLANG_WARN_OBJC_ROOT_CLASS = YES_ERROR;
				CLANG_WARN_RANGE_LOOP_ANALYSIS = YES;
				CLANG_WARN_STRICT_PROTOTYPES = YES;
				CLANG_WARN_SUSPICIOUS_MOVE = YES;
				CLANG_WARN_UNGUARDED_AVAILABILITY = YES_AGGRESSIVE;
				CLANG_WARN_UNREACHABLE_CODE = YES;
				CLANG_WARN__DUPLICATE_METHOD_MATCH = YES;
				COPY_PHASE_STRIP = NO;
				DEBUG_INFORMATION_FORMAT = dwarf;
				ENABLE_STRICT_OBJC_MSGSEND = YES;
				ENABLE_TESTABILITY = YES;
				GCC_C_LANGUAGE_STANDARD = gnu11;
				GCC_DYNAMIC_NO_PIC = NO;
				GCC_NO_COMMON_BLOCKS = YES;
				GCC_OPTIMIZATION_LEVEL = 0;
				GCC_PREPROCESSOR_DEFINITIONS = (
					"DEBUG=1",
					"$(inherited)",
				);
				GCC_WARN_64_TO_32_BIT_CONVERSION = YES;
				GCC_WARN_ABOUT_RETURN_TYPE = YES_ERROR;
				GCC_WARN_UNDECLARED_SELECTOR = YES;
				GCC_WARN_UNINITIALIZED_AUTOS = YES_AGGRESSIVE;
				GCC_WARN_UNUSED_FUNCTION = YES;
				GCC_WARN_UNUSED_VARIABLE = YES;
				IPHONEOS_DEPLOYMENT_TARGET = 13.5;
				MTL_ENABLE_DEBUG_INFO = INCLUDE_SOURCE;
				MTL_FAST_MATH = YES;
				ONLY_ACTIVE_ARCH = YES;
				SDKROOT = iphoneos;
				SWIFT_ACTIVE_COMPILATION_CONDITIONS = DEBUG;
				SWIFT_OPTIMIZATION_LEVEL = "-Onone";
			};
			name = Debug;
		};
		CB299ECB25662D24009CC3C2 /* Release */ = {
			isa = XCBuildConfiguration;
			buildSettings = {
				ALWAYS_SEARCH_USER_PATHS = NO;
				CLANG_ANALYZER_NONNULL = YES;
				CLANG_ANALYZER_NUMBER_OBJECT_CONVERSION = YES_AGGRESSIVE;
				CLANG_CXX_LANGUAGE_STANDARD = "gnu++14";
				CLANG_CXX_LIBRARY = "libc++";
				CLANG_ENABLE_MODULES = YES;
				CLANG_ENABLE_OBJC_ARC = YES;
				CLANG_ENABLE_OBJC_WEAK = YES;
				CLANG_WARN_BLOCK_CAPTURE_AUTORELEASING = YES;
				CLANG_WARN_BOOL_CONVERSION = YES;
				CLANG_WARN_COMMA = YES;
				CLANG_WARN_CONSTANT_CONVERSION = YES;
				CLANG_WARN_DEPRECATED_OBJC_IMPLEMENTATIONS = YES;
				CLANG_WARN_DIRECT_OBJC_ISA_USAGE = YES_ERROR;
				CLANG_WARN_DOCUMENTATION_COMMENTS = YES;
				CLANG_WARN_EMPTY_BODY = YES;
				CLANG_WARN_ENUM_CONVERSION = YES;
				CLANG_WARN_INFINITE_RECURSION = YES;
				CLANG_WARN_INT_CONVERSION = YES;
				CLANG_WARN_NON_LITERAL_NULL_CONVERSION = YES;
				CLANG_WARN_OBJC_IMPLICIT_RETAIN_SELF = YES;
				CLANG_WARN_OBJC_LITERAL_CONVERSION = YES;
				CLANG_WARN_OBJC_ROOT_CLASS = YES_ERROR;
				CLANG_WARN_RANGE_LOOP_ANALYSIS = YES;
				CLANG_WARN_STRICT_PROTOTYPES = YES;
				CLANG_WARN_SUSPICIOUS_MOVE = YES;
				CLANG_WARN_UNGUARDED_AVAILABILITY = YES_AGGRESSIVE;
				CLANG_WARN_UNREACHABLE_CODE = YES;
				CLANG_WARN__DUPLICATE_METHOD_MATCH = YES;
				COPY_PHASE_STRIP = NO;
				DEBUG_INFORMATION_FORMAT = "dwarf-with-dsym";
				ENABLE_NS_ASSERTIONS = NO;
				ENABLE_STRICT_OBJC_MSGSEND = YES;
				GCC_C_LANGUAGE_STANDARD = gnu11;
				GCC_NO_COMMON_BLOCKS = YES;
				GCC_WARN_64_TO_32_BIT_CONVERSION = YES;
				GCC_WARN_ABOUT_RETURN_TYPE = YES_ERROR;
				GCC_WARN_UNDECLARED_SELECTOR = YES;
				GCC_WARN_UNINITIALIZED_AUTOS = YES_AGGRESSIVE;
				GCC_WARN_UNUSED_FUNCTION = YES;
				GCC_WARN_UNUSED_VARIABLE = YES;
				IPHONEOS_DEPLOYMENT_TARGET = 13.5;
				MTL_ENABLE_DEBUG_INFO = NO;
				MTL_FAST_MATH = YES;
				SDKROOT = iphoneos;
				SWIFT_COMPILATION_MODE = wholemodule;
				SWIFT_OPTIMIZATION_LEVEL = "-O";
				VALIDATE_PRODUCT = YES;
			};
			name = Release;
		};
		CB299ECD25662D24009CC3C2 /* Debug */ = {
			isa = XCBuildConfiguration;
			baseConfigurationReference = 6F1A7446940C8F129A23E172 /* Pods-Instagram.debug.xcconfig */;
			buildSettings = {
				ASSETCATALOG_COMPILER_APPICON_NAME = AppIcon;
				CODE_SIGN_STYLE = Automatic;
				DEVELOPMENT_TEAM = YH73XZSZGX;
				INFOPLIST_FILE = Instagram/Info.plist;
				LD_RUNPATH_SEARCH_PATHS = (
					"$(inherited)",
					"@executable_path/Frameworks",
				);
				PRODUCT_BUNDLE_IDENTIFIER = jp.techacademy.yusuke.murayama.Instagram;
				PRODUCT_NAME = "$(TARGET_NAME)";
				SWIFT_VERSION = 5.0;
				TARGETED_DEVICE_FAMILY = 1;
			};
			name = Debug;
		};
		CB299ECE25662D24009CC3C2 /* Release */ = {
			isa = XCBuildConfiguration;
			baseConfigurationReference = EA37C800C66EC310466859B3 /* Pods-Instagram.release.xcconfig */;
			buildSettings = {
				ASSETCATALOG_COMPILER_APPICON_NAME = AppIcon;
				CODE_SIGN_STYLE = Automatic;
				DEVELOPMENT_TEAM = YH73XZSZGX;
				INFOPLIST_FILE = Instagram/Info.plist;
				LD_RUNPATH_SEARCH_PATHS = (
					"$(inherited)",
					"@executable_path/Frameworks",
				);
				PRODUCT_BUNDLE_IDENTIFIER = jp.techacademy.yusuke.murayama.Instagram;
				PRODUCT_NAME = "$(TARGET_NAME)";
				SWIFT_VERSION = 5.0;
				TARGETED_DEVICE_FAMILY = 1;
			};
			name = Release;
		};
/* End XCBuildConfiguration section */

/* Begin XCConfigurationList section */
		CB299EB325662D23009CC3C2 /* Build configuration list for PBXProject "Instagram" */ = {
			isa = XCConfigurationList;
			buildConfigurations = (
				CB299ECA25662D24009CC3C2 /* Debug */,
				CB299ECB25662D24009CC3C2 /* Release */,
			);
			defaultConfigurationIsVisible = 0;
			defaultConfigurationName = Release;
		};
		CB299ECC25662D24009CC3C2 /* Build configuration list for PBXNativeTarget "Instagram" */ = {
			isa = XCConfigurationList;
			buildConfigurations = (
				CB299ECD25662D24009CC3C2 /* Debug */,
				CB299ECE25662D24009CC3C2 /* Release */,
			);
			defaultConfigurationIsVisible = 0;
			defaultConfigurationName = Release;
		};
/* End XCConfigurationList section */
	};
	rootObject = CB299EB025662D23009CC3C2 /* Project object */;
}
